
Microsoft Visual Studio Solution File, Format Version 12.00
# Visual Studio 14
VisualStudioVersion = 14.0.25420.1
MinimumVisualStudioVersion = 10.0.40219.1
Project("{FAE04EC0-301F-11D3-BF4B-00C04F79EFBC}") = "HawkeyehvkDB", "HawkeyehvkDB\HawkeyehvkDB.csproj", "{90A6EA31-F53C-4E68-96B1-AEE071B4EF4F}"
EndProject
Project("{FAE04EC0-301F-11D3-BF4B-00C04F79EFBC}") = "HawkeyeUnitTests", "HawkeyeUnitTests\HawkeyeUnitTests.csproj", "{817FF08A-A427-4592-A442-2C5FE05D88F1}"
EndProject
Project("{FAE04EC0-301F-11D3-BF4B-00C04F79EFBC}") = "HawkeyehvkBLL", "HawkeyehvkBLL\HawkeyehvkBLL.csproj", "{8436810A-AFB7-435A-A63A-B6AE24568A08}"
EndProject
Project("{2150E333-8FDC-42A3-9474-1A3956D46DE8}") = "Scripts", "Scripts", "{D77C6A2B-B527-4CA7-97F6-3D427FD201CF}"
	ProjectSection(SolutionItems) = preProject
		HawkeyeBackUp.sql = HawkeyeBackUp.sql
	EndProjectSection
EndProject
Global
	GlobalSection(SolutionConfigurationPlatforms) = preSolution
		Debug|Any CPU = Debug|Any CPU
		Release|Any CPU = Release|Any CPU
	EndGlobalSection
	GlobalSection(ProjectConfigurationPlatforms) = postSolution
		{90A6EA31-F53C-4E68-96B1-AEE071B4EF4F}.Debug|Any CPU.ActiveCfg = Debug|Any CPU
		{90A6EA31-F53C-4E68-96B1-AEE071B4EF4F}.Debug|Any CPU.Build.0 = Debug|Any CPU
		{90A6EA31-F53C-4E68-96B1-AEE071B4EF4F}.Release|Any CPU.ActiveCfg = Release|Any CPU
		{90A6EA31-F53C-4E68-96B1-AEE071B4EF4F}.Release|Any CPU.Build.0 = Release|Any CPU
		{817FF08A-A427-4592-A442-2C5FE05D88F1}.Debug|Any CPU.ActiveCfg = Debug|Any CPU
		{817FF08A-A427-4592-A442-2C5FE05D88F1}.Debug|Any CPU.Build.0 = Debug|Any CPU
		{817FF08A-A427-4592-A442-2C5FE05D88F1}.Release|Any CPU.ActiveCfg = Release|Any CPU
		{817FF08A-A427-4592-A442-2C5FE05D88F1}.Release|Any CPU.Build.0 = Release|Any CPU
		{8436810A-AFB7-435A-A63A-B6AE24568A08}.Debug|Any CPU.ActiveCfg = Debug|Any CPU
		{8436810A-AFB7-435A-A63A-B6AE24568A08}.Debug|Any CPU.Build.0 = Debug|Any CPU
		{8436810A-AFB7-435A-A63A-B6AE24568A08}.Release|Any CPU.ActiveCfg = Release|Any CPU
		{8436810A-AFB7-435A-A63A-B6AE24568A08}.Release|Any CPU.Build.0 = Release|Any CPU
	EndGlobalSection
	GlobalSection(SolutionProperties) = preSolution
		HideSolutionNode = FALSE
	EndGlobalSection
EndGlobal
